{
  "nodes": {
    "esquid": {
      "inputs": {
        "nixpkgs": "nixpkgs"
      },
      "locked": {
        "lastModified": 1714168055,
        "narHash": "sha256-UP7qNE6wR0rOev62n2Hb0Xvf+W1jSrMUslX7WYse0lY=",
        "owner": "Things-N-Stuff",
        "repo": "eSquid",
        "rev": "39e08a8364358746db4b88f856b6761aa936c78c",
        "type": "github"
      },
      "original": {
        "owner": "Things-N-Stuff",
        "repo": "eSquid",
        "type": "github"
      }
    },
    "home-manager": {
      "inputs": {
        "nixpkgs": [
          "nixpkgs"
        ]
      },
      "locked": {
        "lastModified": 1717020155,
        "narHash": "sha256-Xpyv9i02ineeGakmmzd45hkBgy2a7Zf/3d6amM6MUb4=",
        "owner": "nix-community",
        "repo": "home-manager",
        "rev": "1b589257f72c9c54e92d1d631e988e5346156736",
        "type": "github"
      },
      "original": {
        "owner": "nix-community",
        "repo": "home-manager",
        "type": "github"
      }
    },
    "impermanence": {
      "locked": {
        "lastModified": 1708968331,
        "narHash": "sha256-VUXLaPusCBvwM3zhGbRIJVeYluh2uWuqtj4WirQ1L9Y=",
        "owner": "nix-community",
        "repo": "impermanence",
        "rev": "a33ef102a02ce77d3e39c25197664b7a636f9c30",
        "type": "github"
      },
      "original": {
        "owner": "nix-community",
        "repo": "impermanence",
        "type": "github"
      }
    },
    "nixpkgs": {
      "locked": {
        "lastModified": 1714076141,
        "narHash": "sha256-Drmja/f5MRHZCskS6mvzFqxEaZMeciScCTFxWVLqWEY=",
        "owner": "NixOS",
        "repo": "nixpkgs",
        "rev": "7bb2ccd8cdc44c91edba16c48d2c8f331fb3d856",
        "type": "github"
      },
      "original": {
        "owner": "NixOS",
        "ref": "nixos-unstable",
        "repo": "nixpkgs",
        "type": "github"
      }
    },
    "nixpkgs-stable": {
      "locked": {
        "lastModified": 1716655032,
        "narHash": "sha256-kQ25DAiCGigsNR/Quxm3v+JGXAEXZ8I7RAF4U94bGzE=",
        "owner": "NixOS",
        "repo": "nixpkgs",
        "rev": "59a450646ec8ee0397f5fa54a08573e8240eb91f",
        "type": "github"
      },
      "original": {
        "owner": "NixOS",
        "ref": "release-23.11",
        "repo": "nixpkgs",
        "type": "github"
      }
    },
    "nixpkgs_2": {
      "locked": {
        "lastModified": 1716769173,
        "narHash": "sha256-7EXDb5WBw+d004Agt+JHC/Oyh/KTUglOaQ4MNjBbo5w=",
        "owner": "NixOS",
        "repo": "nixpkgs",
        "rev": "9ca3f649614213b2aaf5f1e16ec06952fe4c2632",
        "type": "github"
      },
      "original": {
        "owner": "NixOS",
        "ref": "nixos-unstable",
        "repo": "nixpkgs",
        "type": "github"
      }
    },
    "nixpkgs_3": {
      "locked": {
        "lastModified": 1716651315,
        "narHash": "sha256-iMgzIeedMqf30TXZ439zW3Yvng1Xm9QTGO+ZwG1IWSw=",
        "owner": "NixOS",
        "repo": "nixpkgs",
        "rev": "c5187508b11177ef4278edf19616f44f21cc8c69",
        "type": "github"
      },
      "original": {
        "owner": "NixOS",
        "ref": "nixpkgs-unstable",
        "repo": "nixpkgs",
        "type": "github"
      }
    },
    "root": {
      "inputs": {
        "esquid": "esquid",
        "home-manager": "home-manager",
        "impermanence": "impermanence",
        "nixpkgs": "nixpkgs_2",
        "sops-nix": "sops-nix",
        "yemou-scripts": "yemou-scripts"
      }
    },
    "sops-nix": {
      "inputs": {
        "nixpkgs": "nixpkgs_3",
        "nixpkgs-stable": "nixpkgs-stable"
      },
      "locked": {
        "lastModified": 1716692524,
        "narHash": "sha256-sALodaA7Zkp/JD6ehgwc0UCBrSBfB4cX66uFGTsqeFU=",
        "owner": "Mic92",
        "repo": "sops-nix",
        "rev": "962797a8d7f15ed7033031731d0bb77244839960",
        "type": "github"
      },
      "original": {
        "owner": "Mic92",
        "repo": "sops-nix",
        "type": "github"
      }
    },
    "yemou-scripts": {
      "inputs": {
        "nixpkgs": [
          "nixpkgs"
        ]
      },
      "locked": {
        "lastModified": 1716073945,
        "narHash": "sha256-shkydTbh+5xgZPrfDDSTQqJLRhGFJAovGLlqHm1wMeQ=",
        "ref": "refs/heads/master",
        "rev": "1e613a83ce282fb09084b3df97c0b42a483c2390",
        "revCount": 28,
        "type": "git",
        "url": "https://codeberg.org/yemou/scripts"
      },
      "original": {
        "type": "git",
        "url": "https://codeberg.org/yemou/scripts"
      }
    }
  },
  "root": "root",
  "version": 7
}
